
Microsoft Visual Studio Solution File, Format Version 12.00
# Visual Studio Version 17
VisualStudioVersion = 17.5.33516.290
MinimumVisualStudioVersion = 10.0.40219.1
Project("{FAE04EC0-301F-11D3-BF4B-00C04F79EFBC}") = "CanvasTogether", "CanvasTogether.csproj", "{8E83AE70-EE40-4C4A-B31B-69259B1650E1}"
EndProject
Global
	GlobalSection(SolutionConfigurationPlatforms) = preSolution
		Debug|Any CPU = Debug|Any CPU
		Release|Any CPU = Release|Any CPU
	EndGlobalSection
	GlobalSection(ProjectConfigurationPlatforms) = postSolution
		{8E83AE70-EE40-4C4A-B31B-69259B1650E1}.Debug|Any CPU.ActiveCfg = Debug|Any CPU
		{8E83AE70-EE40-4C4A-B31B-69259B1650E1}.Debug|Any CPU.Build.0 = Debug|Any CPU
		{8E83AE70-EE40-4C4A-B31B-69259B1650E1}.Release|Any CPU.ActiveCfg = Release|Any CPU
		{8E83AE70-EE40-4C4A-B31B-69259B1650E1}.Release|Any CPU.Build.0 = Release|Any CPU
	EndGlobalSection
	GlobalSection(SolutionProperties) = preSolution
		HideSolutionNode = FALSE
	EndGlobalSection
	GlobalSection(ExtensibilityGlobals) = postSolution
		SolutionGuid = {9AB180CB-C289-4673-865C-3A553A7060E6}
	EndGlobalSection
EndGlobal
